// !$*UTF8*$!
{
	archiveVersion = 1;
	classes = {
	};
	objectVersion = 56;
	objects = {

/* Begin PBXBuildFile section */
		2AFF82122A5B3CAF006FE116 /* Time Between Watch App.app in Embed Watch Content */ = {isa = PBXBuildFile; fileRef = 2AFF82112A5B3CAF006FE116 /* Time Between Watch App.app */; settings = {ATTRIBUTES = (RemoveHeadersOnCopy, ); }; };
		2AFF82172A5B3CAF006FE116 /* Time_BetweenApp.swift in Sources */ = {isa = PBXBuildFile; fileRef = 2AFF82162A5B3CAF006FE116 /* Time_BetweenApp.swift */; };
		2AFF82192A5B3CAF006FE116 /* ContentView.swift in Sources */ = {isa = PBXBuildFile; fileRef = 2AFF82182A5B3CAF006FE116 /* ContentView.swift */; };
		2AFF821B2A5B3CB0006FE116 /* Assets.xcassets in Resources */ = {isa = PBXBuildFile; fileRef = 2AFF821A2A5B3CB0006FE116 /* Assets.xcassets */; };
		2AFF821E2A5B3CB0006FE116 /* Preview Assets.xcassets in Resources */ = {isa = PBXBuildFile; fileRef = 2AFF821D2A5B3CB0006FE116 /* Preview Assets.xcassets */; };
/* End PBXBuildFile section */

/* Begin PBXContainerItemProxy section */
		2AFF82132A5B3CAF006FE116 /* PBXContainerItemProxy */ = {
			isa = PBXContainerItemProxy;
			containerPortal = 2AFF82052A5B3CAF006FE116 /* Project object */;
			proxyType = 1;
			remoteGlobalIDString = 2AFF82102A5B3CAF006FE116;
			remoteInfo = "Time Between Watch App";
		};
/* End PBXContainerItemProxy section */

/* Begin PBXCopyFilesBuildPhase section */
		2AFF82242A5B3CB0006FE116 /* Embed Watch Content */ = {
			isa = PBXCopyFilesBuildPhase;
			buildActionMask = 2147483647;
			dstPath = "$(CONTENTS_FOLDER_PATH)/Watch";
			dstSubfolderSpec = 16;
			files = (
				2AFF82122A5B3CAF006FE116 /* Time Between Watch App.app in Embed Watch Content */,
			);
			name = "Embed Watch Content";
			runOnlyForDeploymentPostprocessing = 0;
		};
/* End PBXCopyFilesBuildPhase section */

/* Begin PBXFileReference section */
		2AFF820B2A5B3CAF006FE116 /* Time Between.app */ = {isa = PBXFileReference; explicitFileType = wrapper.application; includeInIndex = 0; path = "Time Between.app"; sourceTree = BUILT_PRODUCTS_DIR; };
		2AFF82112A5B3CAF006FE116 /* Time Between Watch App.app */ = {isa = PBXFileReference; explicitFileType = wrapper.application; includeInIndex = 0; path = "Time Between Watch App.app"; sourceTree = BUILT_PRODUCTS_DIR; };
		2AFF82162A5B3CAF006FE116 /* Time_BetweenApp.swift */ = {isa = PBXFileReference; lastKnownFileType = sourcecode.swift; path = Time_BetweenApp.swift; sourceTree = "<group>"; };
		2AFF82182A5B3CAF006FE116 /* ContentView.swift */ = {isa = PBXFileReference; lastKnownFileType = sourcecode.swift; path = ContentView.swift; sourceTree = "<group>"; };
		2AFF821A2A5B3CB0006FE116 /* Assets.xcassets */ = {isa = PBXFileReference; lastKnownFileType = folder.assetcatalog; path = Assets.xcassets; sourceTree = "<group>"; };
		2AFF821D2A5B3CB0006FE116 /* Preview Assets.xcassets */ = {isa = PBXFileReference; lastKnownFileType = folder.assetcatalog; path = "Preview Assets.xcassets"; sourceTree = "<group>"; };
/* End PBXFileReference section */

/* Begin PBXFrameworksBuildPhase section */
		2AFF820E2A5B3CAF006FE116 /* Frameworks */ = {
			isa = PBXFrameworksBuildPhase;
			buildActionMask = 2147483647;
			files = (
			);
			runOnlyForDeploymentPostprocessing = 0;
		};
/* End PBXFrameworksBuildPhase section */

/* Begin PBXGroup section */
		2AFF82042A5B3CAF006FE116 = {
			isa = PBXGroup;
			children = (
				2AFF82152A5B3CAF006FE116 /* Time Between Watch App */,
				2AFF820C2A5B3CAF006FE116 /* Products */,
			);
			sourceTree = "<group>";
		};
		2AFF820C2A5B3CAF006FE116 /* Products */ = {
			isa = PBXGroup;
			children = (
				2AFF820B2A5B3CAF006FE116 /* Time Between.app */,
				2AFF82112A5B3CAF006FE116 /* Time Between Watch App.app */,
			);
			name = Products;
			sourceTree = "<group>";
		};
		2AFF82152A5B3CAF006FE116 /* Time Between Watch App */ = {
			isa = PBXGroup;
			children = (
				2AFF82162A5B3CAF006FE116 /* Time_BetweenApp.swift */,
				2AFF82182A5B3CAF006FE116 /* ContentView.swift */,
				2AFF821A2A5B3CB0006FE116 /* Assets.xcassets */,
				2AFF821C2A5B3CB0006FE116 /* Preview Content */,
			);
			path = "Time Between Watch App";
			sourceTree = "<group>";
		};
		2AFF821C2A5B3CB0006FE116 /* Preview Content */ = {
			isa = PBXGroup;
			children = (
				2AFF821D2A5B3CB0006FE116 /* Preview Assets.xcassets */,
			);
			path = "Preview Content";
			sourceTree = "<group>";
		};
/* End PBXGroup section */

/* Begin PBXNativeTarget section */
		2AFF820A2A5B3CAF006FE116 /* Time Between */ = {
			isa = PBXNativeTarget;
			buildConfigurationList = 2AFF82252A5B3CB0006FE116 /* Build configuration list for PBXNativeTarget "Time Between" */;
			buildPhases = (
				2AFF82092A5B3CAF006FE116 /* Resources */,
				2AFF82242A5B3CB0006FE116 /* Embed Watch Content */,
			);
			buildRules = (
			);
			dependencies = (
				2AFF82142A5B3CAF006FE116 /* PBXTargetDependency */,
			);
			name = "Time Between";
			productName = "Time Between";
			productReference = 2AFF820B2A5B3CAF006FE116 /* Time Between.app */;
			productType = "com.apple.product-type.application.watchapp2-container";
		};
		2AFF82102A5B3CAF006FE116 /* Time Between Watch App */ = {
			isa = PBXNativeTarget;
			buildConfigurationList = 2AFF82212A5B3CB0006FE116 /* Build configuration list for PBXNativeTarget "Time Between Watch App" */;
			buildPhases = (
				2AFF820D2A5B3CAF006FE116 /* Sources */,
				2AFF820E2A5B3CAF006FE116 /* Frameworks */,
				2AFF820F2A5B3CAF006FE116 /* Resources */,
			);
			buildRules = (
			);
			dependencies = (
			);
			name = "Time Between Watch App";
			productName = "Time Between Watch App";
			productReference = 2AFF82112A5B3CAF006FE116 /* Time Between Watch App.app */;
			productType = "com.apple.product-type.application";
		};
/* End PBXNativeTarget section */

/* Begin PBXProject section */
		2AFF82052A5B3CAF006FE116 /* Project object */ = {
			isa = PBXProject;
			attributes = {
				BuildIndependentTargetsInParallel = 1;
				LastSwiftUpdateCheck = 1430;
				LastUpgradeCheck = 1430;
				TargetAttributes = {
					2AFF820A2A5B3CAF006FE116 = {
						CreatedOnToolsVersion = 14.3.1;
					};
					2AFF82102A5B3CAF006FE116 = {
						CreatedOnToolsVersion = 14.3.1;
					};
				};
			};
			buildConfigurationList = 2AFF82082A5B3CAF006FE116 /* Build configuration list for PBXProject "Time Between" */;
			compatibilityVersion = "Xcode 14.0";
			developmentRegion = en;
			hasScannedForEncodings = 0;
			knownRegions = (
				en,
				Base,
			);
			mainGroup = 2AFF82042A5B3CAF006FE116;
			productRefGroup = 2AFF820C2A5B3CAF006FE116 /* Products */;
			projectDirPath = "";
			projectRoot = "";
			targets = (
				2AFF820A2A5B3CAF006FE116 /* Time Between */,
				2AFF82102A5B3CAF006FE116 /* Time Between Watch App */,
			);
		};
/* End PBXProject section */

/* Begin PBXResourcesBuildPhase section */
		2AFF82092A5B3CAF006FE116 /* Resources */ = {
			isa = PBXResourcesBuildPhase;
			buildActionMask = 2147483647;
			files = (
			);
			runOnlyForDeploymentPostprocessing = 0;
		};
		2AFF820F2A5B3CAF006FE116 /* Resources */ = {
			isa = PBXResourcesBuildPhase;
			buildActionMask = 2147483647;
			files = (
				2AFF821E2A5B3CB0006FE116 /* Preview Assets.xcassets in Resources */,
				2AFF821B2A5B3CB0006FE116 /* Assets.xcassets in Resources */,
			);
			runOnlyForDeploymentPostprocessing = 0;
		};
/* End PBXResourcesBuildPhase section */

/* Begin PBXSourcesBuildPhase section */
		2AFF820D2A5B3CAF006FE116 /* Sources */ = {
			isa = PBXSourcesBuildPhase;
			buildActionMask = 2147483647;
			files = (
				2AFF82192A5B3CAF006FE116 /* ContentView.swift in Sources */,
				2AFF82172A5B3CAF006FE116 /* Time_BetweenApp.swift in Sources */,
			);
			runOnlyForDeploymentPostprocessing = 0;
		};
/* End PBXSourcesBuildPhase section */

/* Begin PBXTargetDependency section */
		2AFF82142A5B3CAF006FE116 /* PBXTargetDependency */ = {
			isa = PBXTargetDependency;
			target = 2AFF82102A5B3CAF006FE116 /* Time Between Watch App */;
			targetProxy = 2AFF82132A5B3CAF006FE116 /* PBXContainerItemProxy */;
		};
/* End PBXTargetDependency section */

/* Begin XCBuildConfiguration section */
		2AFF821F2A5B3CB0006FE116 /* Debug */ = {
			isa = XCBuildConfiguration;
			buildSettings = {
				ALWAYS_SEARCH_USER_PATHS = NO;
				CLANG_ANALYZER_NONNULL = YES;
				CLANG_ANALYZER_NUMBER_OBJECT_CONVERSION = YES_AGGRESSIVE;
				CLANG_CXX_LANGUAGE_STANDARD = "gnu++20";
				CLANG_ENABLE_MODULES = YES;
				CLANG_ENABLE_OBJC_ARC = YES;
				CLANG_ENABLE_OBJC_WEAK = YES;
				CLANG_WARN_BLOCK_CAPTURE_AUTORELEASING = YES;
				CLANG_WARN_BOOL_CONVERSION = YES;
				CLANG_WARN_COMMA = YES;
				CLANG_WARN_CONSTANT_CONVERSION = YES;
				CLANG_WARN_DEPRECATED_OBJC_IMPLEMENTATIONS = YES;
				CLANG_WARN_DIRECT_OBJC_ISA_USAGE = YES_ERROR;
				CLANG_WARN_DOCUMENTATION_COMMENTS = YES;
				CLANG_WARN_EMPTY_BODY = YES;
				CLANG_WARN_ENUM_CONVERSION = YES;
				CLANG_WARN_INFINITE_RECURSION = YES;
				CLANG_WARN_INT_CONVERSION = YES;
				CLANG_WARN_NON_LITERAL_NULL_CONVERSION = YES;
				CLANG_WARN_OBJC_IMPLICIT_RETAIN_SELF = YES;
				CLANG_WARN_OBJC_LITERAL_CONVERSION = YES;
				CLANG_WARN_OBJC_ROOT_CLASS = YES_ERROR;
				CLANG_WARN_QUOTED_INCLUDE_IN_FRAMEWORK_HEADER = YES;
				CLANG_WARN_RANGE_LOOP_ANALYSIS = YES;
				CLANG_WARN_STRICT_PROTOTYPES = YES;
				CLANG_WARN_SUSPICIOUS_MOVE = YES;
				CLANG_WARN_UNGUARDED_AVAILABILITY = YES_AGGRESSIVE;
				CLANG_WARN_UNREACHABLE_CODE = YES;
				CLANG_WARN__DUPLICATE_METHOD_MATCH = YES;
				COPY_PHASE_STRIP = NO;
				DEBUG_INFORMATION_FORMAT = dwarf;
				ENABLE_STRICT_OBJC_MSGSEND = YES;
				ENABLE_TESTABILITY = YES;
				GCC_C_LANGUAGE_STANDARD = gnu11;
				GCC_DYNAMIC_NO_PIC = NO;
				GCC_NO_COMMON_BLOCKS = YES;
				GCC_OPTIMIZATION_LEVEL = 0;
				GCC_PREPROCESSOR_DEFINITIONS = (
					"DEBUG=1",
					"$(inherited)",
				);
				GCC_WARN_64_TO_32_BIT_CONVERSION = YES;
				GCC_WARN_ABOUT_RETURN_TYPE = YES_ERROR;
				GCC_WARN_UNDECLARED_SELECTOR = YES;
				GCC_WARN_UNINITIALIZED_AUTOS = YES_AGGRESSIVE;
				GCC_WARN_UNUSED_FUNCTION = YES;
				GCC_WARN_UNUSED_VARIABLE = YES;
				MTL_ENABLE_DEBUG_INFO = INCLUDE_SOURCE;
				MTL_FAST_MATH = YES;
				ONLY_ACTIVE_ARCH = YES;
				SWIFT_ACTIVE_COMPILATION_CONDITIONS = DEBUG;
				SWIFT_OPTIMIZATION_LEVEL = "-Onone";
			};
			name = Debug;
		};
		2AFF82202A5B3CB0006FE116 /* Release */ = {
			isa = XCBuildConfiguration;
			buildSettings = {
				ALWAYS_SEARCH_USER_PATHS = NO;
				CLANG_ANALYZER_NONNULL = YES;
				CLANG_ANALYZER_NUMBER_OBJECT_CONVERSION = YES_AGGRESSIVE;
				CLANG_CXX_LANGUAGE_STANDARD = "gnu++20";
				CLANG_ENABLE_MODULES = YES;
				CLANG_ENABLE_OBJC_ARC = YES;
				CLANG_ENABLE_OBJC_WEAK = YES;
				CLANG_WARN_BLOCK_CAPTURE_AUTORELEASING = YES;
				CLANG_WARN_BOOL_CONVERSION = YES;
				CLANG_WARN_COMMA = YES;
				CLANG_WARN_CONSTANT_CONVERSION = YES;
				CLANG_WARN_DEPRECATED_OBJC_IMPLEMENTATIONS = YES;
				CLANG_WARN_DIRECT_OBJC_ISA_USAGE = YES_ERROR;
				CLANG_WARN_DOCUMENTATION_COMMENTS = YES;
				CLANG_WARN_EMPTY_BODY = YES;
				CLANG_WARN_ENUM_CONVERSION = YES;
				CLANG_WARN_INFINITE_RECURSION = YES;
				CLANG_WARN_INT_CONVERSION = YES;
				CLANG_WARN_NON_LITERAL_NULL_CONVERSION = YES;
				CLANG_WARN_OBJC_IMPLICIT_RETAIN_SELF = YES;
				CLANG_WARN_OBJC_LITERAL_CONVERSION = YES;
				CLANG_WARN_OBJC_ROOT_CLASS = YES_ERROR;
				CLANG_WARN_QUOTED_INCLUDE_IN_FRAMEWORK_HEADER = YES;
				CLANG_WARN_RANGE_LOOP_ANALYSIS = YES;
				CLANG_WARN_STRICT_PROTOTYPES = YES;
				CLANG_WARN_SUSPICIOUS_MOVE = YES;
				CLANG_WARN_UNGUARDED_AVAILABILITY = YES_AGGRESSIVE;
				CLANG_WARN_UNREACHABLE_CODE = YES;
				CLANG_WARN__DUPLICATE_METHOD_MATCH = YES;
				COPY_PHASE_STRIP = NO;
				DEBUG_INFORMATION_FORMAT = "dwarf-with-dsym";
				ENABLE_NS_ASSERTIONS = NO;
				ENABLE_STRICT_OBJC_MSGSEND = YES;
				GCC_C_LANGUAGE_STANDARD = gnu11;
				GCC_NO_COMMON_BLOCKS = YES;
				GCC_WARN_64_TO_32_BIT_CONVERSION = YES;
				GCC_WARN_ABOUT_RETURN_TYPE = YES_ERROR;
				GCC_WARN_UNDECLARED_SELECTOR = YES;
				GCC_WARN_UNINITIALIZED_AUTOS = YES_AGGRESSIVE;
				GCC_WARN_UNUSED_FUNCTION = YES;
				GCC_WARN_UNUSED_VARIABLE = YES;
				MTL_ENABLE_DEBUG_INFO = NO;
				MTL_FAST_MATH = YES;
				SWIFT_COMPILATION_MODE = wholemodule;
				SWIFT_OPTIMIZATION_LEVEL = "-O";
			};
			name = Release;
		};
		2AFF82222A5B3CB0006FE116 /* Debug */ = {
			isa = XCBuildConfiguration;
			buildSettings = {
				ASSETCATALOG_COMPILER_APPICON_NAME = AppIcon;
				ASSETCATALOG_COMPILER_GLOBAL_ACCENT_COLOR_NAME = AccentColor;
				CODE_SIGN_STYLE = Automatic;
				CURRENT_PROJECT_VERSION = 1;
				DEVELOPMENT_ASSET_PATHS = "\"Time Between Watch App/Preview Content\"";
				ENABLE_PREVIEWS = YES;
				GENERATE_INFOPLIST_FILE = YES;
				INFOPLIST_KEY_CFBundleDisplayName = "Time Between";
				INFOPLIST_KEY_UISupportedInterfaceOrientations = "UIInterfaceOrientationPortrait UIInterfaceOrientationPortraitUpsideDown";
				INFOPLIST_KEY_WKWatchOnly = YES;
				LD_RUNPATH_SEARCH_PATHS = (
					"$(inherited)",
					"@executable_path/Frameworks",
				);
				MARKETING_VERSION = 1.0;
				PRODUCT_BUNDLE_IDENTIFIER = "com.clariflyllc.Time-Between.watchkitapp";
				PRODUCT_NAME = "$(TARGET_NAME)";
				SDKROOT = watchos;
				SKIP_INSTALL = YES;
				SWIFT_EMIT_LOC_STRINGS = YES;
				SWIFT_VERSION = 5.0;
				TARGETED_DEVICE_FAMILY = 4;
				WATCHOS_DEPLOYMENT_TARGET = 9.4;
			};
			name = Debug;
		};
		2AFF82232A5B3CB0006FE116 /* Release */ = {
			isa = XCBuildConfiguration;
			buildSettings = {
				ASSETCATALOG_COMPILER_APPICON_NAME = AppIcon;
				ASSETCATALOG_COMPILER_GLOBAL_ACCENT_COLOR_NAME = AccentColor;
				CODE_SIGN_STYLE = Automatic;
				CURRENT_PROJECT_VERSION = 1;
				DEVELOPMENT_ASSET_PATHS = "\"Time Between Watch App/Preview Content\"";
				ENABLE_PREVIEWS = YES;
				GENERATE_INFOPLIST_FILE = YES;
				INFOPLIST_KEY_CFBundleDisplayName = "Time Between";
				INFOPLIST_KEY_UISupportedInterfaceOrientations = "UIInterfaceOrientationPortrait UIInterfaceOrientationPortraitUpsideDown";
				INFOPLIST_KEY_WKWatchOnly = YES;
				LD_RUNPATH_SEARCH_PATHS = (
					"$(inherited)",
					"@executable_path/Frameworks",
				);
				MARKETING_VERSION = 1.0;
				PRODUCT_BUNDLE_IDENTIFIER = "com.clariflyllc.Time-Between.watchkitapp";
				PRODUCT_NAME = "$(TARGET_NAME)";
				SDKROOT = watchos;
				SKIP_INSTALL = YES;
				SWIFT_EMIT_LOC_STRINGS = YES;
				SWIFT_VERSION = 5.0;
				TARGETED_DEVICE_FAMILY = 4;
				VALIDATE_PRODUCT = YES;
				WATCHOS_DEPLOYMENT_TARGET = 9.4;
			};
			name = Release;
		};
		2AFF82262A5B3CB0006FE116 /* Debug */ = {
			isa = XCBuildConfiguration;
			buildSettings = {
				ALWAYS_EMBED_SWIFT_STANDARD_LIBRARIES = YES;
				CODE_SIGN_STYLE = Automatic;
				CURRENT_PROJECT_VERSION = 1;
				INFOPLIST_KEY_CFBundleDisplayName = "Time Between";
				MARKETING_VERSION = 1.0;
				PRODUCT_BUNDLE_IDENTIFIER = "com.clariflyllc.Time-Between";
				PRODUCT_NAME = "$(TARGET_NAME)";
				SDKROOT = iphoneos;
				SWIFT_VERSION = 5.0;
			};
			name = Debug;
		};
		2AFF82272A5B3CB0006FE116 /* Release */ = {
			isa = XCBuildConfiguration;
			buildSettings = {
				ALWAYS_EMBED_SWIFT_STANDARD_LIBRARIES = YES;
				CODE_SIGN_STYLE = Automatic;
				CURRENT_PROJECT_VERSION = 1;
				INFOPLIST_KEY_CFBundleDisplayName = "Time Between";
				MARKETING_VERSION = 1.0;
				PRODUCT_BUNDLE_IDENTIFIER = "com.clariflyllc.Time-Between";
				PRODUCT_NAME = "$(TARGET_NAME)";
				SDKROOT = iphoneos;
				SWIFT_VERSION = 5.0;
				VALIDATE_PRODUCT = YES;
			};
			name = Release;
		};
/* End XCBuildConfiguration section */

/* Begin XCConfigurationList section */
		2AFF82082A5B3CAF006FE116 /* Build configuration list for PBXProject "Time Between" */ = {
			isa = XCConfigurationList;
			buildConfigurations = (
				2AFF821F2A5B3CB0006FE116 /* Debug */,
				2AFF82202A5B3CB0006FE116 /* Release */,
			);
			defaultConfigurationIsVisible = 0;
			defaultConfigurationName = Release;
		};
		2AFF82212A5B3CB0006FE116 /* Build configuration list for PBXNativeTarget "Time Between Watch App" */ = {
			isa = XCConfigurationList;
			buildConfigurations = (
				2AFF82222A5B3CB0006FE116 /* Debug */,
				2AFF82232A5B3CB0006FE116 /* Release */,
			);
			defaultConfigurationIsVisible = 0;
			defaultConfigurationName = Release;
		};
		2AFF82252A5B3CB0006FE116 /* Build configuration list for PBXNativeTarget "Time Between" */ = {
			isa = XCConfigurationList;
			buildConfigurations = (
				2AFF82262A5B3CB0006FE116 /* Debug */,
				2AFF82272A5B3CB0006FE116 /* Release */,
			);
			defaultConfigurationIsVisible = 0;
			defaultConfigurationName = Release;
		};
/* End XCConfigurationList section */
	};
	rootObject = 2AFF82052A5B3CAF006FE116 /* Project object */;
}
